
Microsoft Visual Studio Solution File, Format Version 12.00
# Visual Studio Version 17
VisualStudioVersion = 17.0.31903.59
MinimumVisualStudioVersion = 10.0.40219.1
Project("{9A19103F-16F7-4668-BE54-9A1E7A4F7556}") = "WebUI", "WebUI.csproj", "{6C88B916-95D4-40FA-B3FC-BE568EE2FCC0}"
EndProject
Project("{2150E333-8FDC-42A3-9474-1A3956D46DE8}") = "src", "src", "{8746EDD0-9047-4F3A-B579-BB3E62D9D65D}"
EndProject
Project("{2150E333-8FDC-42A3-9474-1A3956D46DE8}") = "tests", "tests", "{5132A05F-2F50-4A3C-BD9F-74458948FB3D}"
EndProject
Project("{9A19103F-16F7-4668-BE54-9A1E7A4F7556}") = "Domain", "..\Domain\Domain.csproj", "{1BE650CB-FE4B-4ABE-A528-C31453FFED80}"
EndProject
Project("{9A19103F-16F7-4668-BE54-9A1E7A4F7556}") = "Infrastructure", "..\Infrastructure\Infrastructure.csproj", "{589353AC-A84E-45BB-A620-2D5CBBE1624E}"
EndProject
Project("{9A19103F-16F7-4668-BE54-9A1E7A4F7556}") = "Application", "..\Application\Application.csproj", "{0D392749-CDA7-4DE6-8CD6-5E40ACA309D2}"
EndProject
Global
	GlobalSection(SolutionConfigurationPlatforms) = preSolution
		Debug|Any CPU = Debug|Any CPU
		Release|Any CPU = Release|Any CPU
	EndGlobalSection
	GlobalSection(ProjectConfigurationPlatforms) = postSolution
		{6C88B916-95D4-40FA-B3FC-BE568EE2FCC0}.Debug|Any CPU.ActiveCfg = Debug|Any CPU
		{6C88B916-95D4-40FA-B3FC-BE568EE2FCC0}.Debug|Any CPU.Build.0 = Debug|Any CPU
		{6C88B916-95D4-40FA-B3FC-BE568EE2FCC0}.Release|Any CPU.ActiveCfg = Release|Any CPU
		{6C88B916-95D4-40FA-B3FC-BE568EE2FCC0}.Release|Any CPU.Build.0 = Release|Any CPU
		{1BE650CB-FE4B-4ABE-A528-C31453FFED80}.Debug|Any CPU.ActiveCfg = Debug|Any CPU
		{1BE650CB-FE4B-4ABE-A528-C31453FFED80}.Debug|Any CPU.Build.0 = Debug|Any CPU
		{1BE650CB-FE4B-4ABE-A528-C31453FFED80}.Release|Any CPU.ActiveCfg = Release|Any CPU
		{1BE650CB-FE4B-4ABE-A528-C31453FFED80}.Release|Any CPU.Build.0 = Release|Any CPU
		{589353AC-A84E-45BB-A620-2D5CBBE1624E}.Debug|Any CPU.ActiveCfg = Debug|Any CPU
		{589353AC-A84E-45BB-A620-2D5CBBE1624E}.Debug|Any CPU.Build.0 = Debug|Any CPU
		{589353AC-A84E-45BB-A620-2D5CBBE1624E}.Release|Any CPU.ActiveCfg = Release|Any CPU
		{589353AC-A84E-45BB-A620-2D5CBBE1624E}.Release|Any CPU.Build.0 = Release|Any CPU
		{0D392749-CDA7-4DE6-8CD6-5E40ACA309D2}.Debug|Any CPU.ActiveCfg = Debug|Any CPU
		{0D392749-CDA7-4DE6-8CD6-5E40ACA309D2}.Debug|Any CPU.Build.0 = Debug|Any CPU
		{0D392749-CDA7-4DE6-8CD6-5E40ACA309D2}.Release|Any CPU.ActiveCfg = Release|Any CPU
		{0D392749-CDA7-4DE6-8CD6-5E40ACA309D2}.Release|Any CPU.Build.0 = Release|Any CPU
	EndGlobalSection
	GlobalSection(SolutionProperties) = preSolution
		HideSolutionNode = FALSE
	EndGlobalSection
	GlobalSection(NestedProjects) = preSolution
		{6C88B916-95D4-40FA-B3FC-BE568EE2FCC0} = {8746EDD0-9047-4F3A-B579-BB3E62D9D65D}
		{1BE650CB-FE4B-4ABE-A528-C31453FFED80} = {8746EDD0-9047-4F3A-B579-BB3E62D9D65D}
		{589353AC-A84E-45BB-A620-2D5CBBE1624E} = {8746EDD0-9047-4F3A-B579-BB3E62D9D65D}
		{0D392749-CDA7-4DE6-8CD6-5E40ACA309D2} = {8746EDD0-9047-4F3A-B579-BB3E62D9D65D}
	EndGlobalSection
	GlobalSection(ExtensibilityGlobals) = postSolution
		SolutionGuid = {6353A7AB-161E-4082-9693-6958DFDC4BD2}
	EndGlobalSection
EndGlobal
